
Microsoft Visual Studio Solution File, Format Version 12.00
# Visual Studio Version 17
VisualStudioVersion = 17.3.32922.545
MinimumVisualStudioVersion = 10.0.40219.1
Project("{FAE04EC0-301F-11D3-BF4B-00C04F79EFBC}") = "CQRS", "CQRS\CQRS.csproj", "{4D282BE1-BA0B-4CB8-8282-55FAC38C1704}"
EndProject
Global
	GlobalSection(SolutionConfigurationPlatforms) = preSolution
		Debug|Any CPU = Debug|Any CPU
		Release|Any CPU = Release|Any CPU
	EndGlobalSection
	GlobalSection(ProjectConfigurationPlatforms) = postSolution
		{4D282BE1-BA0B-4CB8-8282-55FAC38C1704}.Debug|Any CPU.ActiveCfg = Debug|Any CPU
		{4D282BE1-BA0B-4CB8-8282-55FAC38C1704}.Debug|Any CPU.Build.0 = Debug|Any CPU
		{4D282BE1-BA0B-4CB8-8282-55FAC38C1704}.Release|Any CPU.ActiveCfg = Release|Any CPU
		{4D282BE1-BA0B-4CB8-8282-55FAC38C1704}.Release|Any CPU.Build.0 = Release|Any CPU
	EndGlobalSection
	GlobalSection(SolutionProperties) = preSolution
		HideSolutionNode = FALSE
	EndGlobalSection
	GlobalSection(ExtensibilityGlobals) = postSolution
		SolutionGuid = {46816DDF-4B37-42CE-9066-81252D8E8787}
	EndGlobalSection
EndGlobal
